{
  "packages": [
    {
      "alias": "greet",
      "repo": "github.com/mburakmmm/nox-pkg-greet",
      "ref": "v1.0.0",
      "resolved": "944f14185c9b5d65d7491f269f13e9a4fa9535cd"
    },
    {
      "alias": "mathx",
      "repo": "github.com/mburakmmm/nox-pkg-mathx",
      "ref": "v1.0.0",
      "resolved": "e3542944c771e0524510ec98526b441e90982ae6"
    },
    {
      "alias": "stack",
      "repo": "github.com/mburakmmm/nox-pkg-stack",
      "ref": "v1.0.0",
      "resolved": "4ea05c616f9727427f5e973b92348461ba8463a0"
    },
    {
      "alias": "strfmt",
      "repo": "github.com/mburakmmm/nox-pkg-strfmt",
      "ref": "v1.0.0",
      "resolved": "759b3b89cd0138e0dc894c82f516c79acee4ce3c"
    },
    {
      "alias": "collections",
      "repo": "github.com/mburakmmm/nox-pkg-collections",
      "ref": "v1.0.0",
      "resolved": "698bb625951b42ff450497ef32ac564526eb050e"
    }
  ]
}